<?xml version="1.0" encoding="utf-8"?>
<Project ToolsVersion="4.0" xmlns="http://schemas.microsoft.com/developer/msbuild/2003">
  <ItemGroup>
    <Filter Include="Arquivos de Origem">
      <UniqueIdentifier>{4FC737F1-C7A5-4376-A066-2A32D752A2FF}</UniqueIdentifier>
      <Extensions>cpp;c;cc;cxx;def;odl;idl;hpj;bat;asm;asmx</Extensions>
    </Filter>
    <Filter Include="Arquivos de Cabeçalho">
      <UniqueIdentifier>{93995380-89BD-4b04-88EB-625FBE52EBFB}</UniqueIdentifier>
      <Extensions>h;hh;hpp;hxx;hm;inl;inc;ipp;xsd</Extensions>
    </Filter>
    <Filter Include="Arquivos de Recurso">
      <UniqueIdentifier>{67DA6AB6-F800-4c08-8B7A-83BB121AAD01}</UniqueIdentifier>
      <Extensions>rc;ico;cur;bmp;dlg;rc2;rct;bin;rgs;gif;jpg;jpeg;jpe;resx;tiff;tif;png;wav;mfcribbon-ms</Extensions>
    </Filter>
  </ItemGroup>
  <ItemGroup>
    <ClCompile Include="Main.cpp">
      <Filter>Arquivos de Origem</Filter>
    </ClCompile>
    <ClCompile Include="..\..\..\..\Documents\OpenGL Stuff\srcGlad\glad.c">
      <Filter>Arquivos de Origem</Filter>
    </ClCompile>
    <ClCompile Include="objeto.cpp">
      <Filter>Arquivos de Origem</Filter>
    </ClCompile>
    <ClCompile Include="transfomacoes.cpp">
      <Filter>Arquivos de Origem</Filter>
    </ClCompile>
    <ClCompile Include="shaders.cpp">
      <Filter>Arquivos de Origem</Filter>
    </ClCompile>
  </ItemGroup>
  <ItemGroup>
    <ClInclude Include="objeto.h">
      <Filter>Arquivos de Cabeçalho</Filter>
    </ClInclude>
    <ClInclude Include="shaders.h">
      <Filter>Arquivos de Cabeçalho</Filter>
    </ClInclude>
    <ClInclude Include="transformacoes.h">
      <Filter>Arquivos de Cabeçalho</Filter>
    </ClInclude>
  </ItemGroup>
  <ItemGroup>
    <None Include="..\..\Exemplo6\Exemplo6\shader.ver">
      <Filter>Arquivos de Origem</Filter>
    </None>
    <None Include="..\..\Exemplo6\Exemplo6\shader.fra">
      <Filter>Arquivos de Origem</Filter>
    </None>
    <None Include="shader_lamp.ver">
      <Filter>Arquivos de Origem</Filter>
    </None>
    <None Include="shader_lamp.fra">
      <Filter>Arquivos de Origem</Filter>
    </None>
  </ItemGroup>
  <ItemGroup>
    <Object Include="..\..\Exemplo6\Exemplo6\teapot.obj">
      <Filter>Arquivos de Origem</Filter>
    </Object>
    <Object Include="elephant.obj">
      <Filter>Arquivos de Origem</Filter>
    </Object>
    <Object Include="TreeSet3.obj">
      <Filter>Arquivos de Origem</Filter>
    </Object>
    <Object Include="monkeyspider.obj">
      <Filter>Arquivos de Origem</Filter>
    </Object>
    <Object Include="mountain.obj">
      <Filter>Arquivos de Origem</Filter>
    </Object>
  </ItemGroup>
</Project>